
Microsoft Visual Studio Solution File, Format Version 12.00
# Visual Studio Version 17
VisualStudioVersion = 17.8.34330.188
MinimumVisualStudioVersion = 10.0.40219.1
Project("{FAE04EC0-301F-11D3-BF4B-00C04F79EFBC}") = "BuberDinner.Api", "BuberDinner.Api\BuberDinner.Api.csproj", "{43E0C4CC-4656-431B-BC55-26AD724A2100}"
EndProject
Project("{FAE04EC0-301F-11D3-BF4B-00C04F79EFBC}") = "BuberDinner.Application", "BuberDinner.Application\BuberDinner.Application.csproj", "{B2112BDF-E321-4DFB-AC16-C7BEF6045F6C}"
EndProject
Project("{FAE04EC0-301F-11D3-BF4B-00C04F79EFBC}") = "BuberDinner.Infrastructure", "BuberDinner.Infrastructure\BuberDinner.Infrastructure.csproj", "{787A8FB1-8BFE-4A35-A2BC-020E97CA046F}"
EndProject
Project("{FAE04EC0-301F-11D3-BF4B-00C04F79EFBC}") = "BuberDinner.Domain", "BuberDinner.Domain\BuberDinner.Domain.csproj", "{3AF0CC01-6588-4002-AAFA-BDCCBAB0156C}"
EndProject
Project("{FAE04EC0-301F-11D3-BF4B-00C04F79EFBC}") = "BuberDinner.Contracts", "BuberDinner.Contracts\BuberDinner.Contracts.csproj", "{8B60A572-D1E1-4F45-B71E-11512C8AA022}"
EndProject
Global
	GlobalSection(SolutionConfigurationPlatforms) = preSolution
		Debug|Any CPU = Debug|Any CPU
		Release|Any CPU = Release|Any CPU
	EndGlobalSection
	GlobalSection(ProjectConfigurationPlatforms) = postSolution
		{43E0C4CC-4656-431B-BC55-26AD724A2100}.Debug|Any CPU.ActiveCfg = Debug|Any CPU
		{43E0C4CC-4656-431B-BC55-26AD724A2100}.Debug|Any CPU.Build.0 = Debug|Any CPU
		{43E0C4CC-4656-431B-BC55-26AD724A2100}.Release|Any CPU.ActiveCfg = Release|Any CPU
		{43E0C4CC-4656-431B-BC55-26AD724A2100}.Release|Any CPU.Build.0 = Release|Any CPU
		{B2112BDF-E321-4DFB-AC16-C7BEF6045F6C}.Debug|Any CPU.ActiveCfg = Debug|Any CPU
		{B2112BDF-E321-4DFB-AC16-C7BEF6045F6C}.Debug|Any CPU.Build.0 = Debug|Any CPU
		{B2112BDF-E321-4DFB-AC16-C7BEF6045F6C}.Release|Any CPU.ActiveCfg = Release|Any CPU
		{B2112BDF-E321-4DFB-AC16-C7BEF6045F6C}.Release|Any CPU.Build.0 = Release|Any CPU
		{787A8FB1-8BFE-4A35-A2BC-020E97CA046F}.Debug|Any CPU.ActiveCfg = Debug|Any CPU
		{787A8FB1-8BFE-4A35-A2BC-020E97CA046F}.Debug|Any CPU.Build.0 = Debug|Any CPU
		{787A8FB1-8BFE-4A35-A2BC-020E97CA046F}.Release|Any CPU.ActiveCfg = Release|Any CPU
		{787A8FB1-8BFE-4A35-A2BC-020E97CA046F}.Release|Any CPU.Build.0 = Release|Any CPU
		{3AF0CC01-6588-4002-AAFA-BDCCBAB0156C}.Debug|Any CPU.ActiveCfg = Debug|Any CPU
		{3AF0CC01-6588-4002-AAFA-BDCCBAB0156C}.Debug|Any CPU.Build.0 = Debug|Any CPU
		{3AF0CC01-6588-4002-AAFA-BDCCBAB0156C}.Release|Any CPU.ActiveCfg = Release|Any CPU
		{3AF0CC01-6588-4002-AAFA-BDCCBAB0156C}.Release|Any CPU.Build.0 = Release|Any CPU
		{8B60A572-D1E1-4F45-B71E-11512C8AA022}.Debug|Any CPU.ActiveCfg = Debug|Any CPU
		{8B60A572-D1E1-4F45-B71E-11512C8AA022}.Debug|Any CPU.Build.0 = Debug|Any CPU
		{8B60A572-D1E1-4F45-B71E-11512C8AA022}.Release|Any CPU.ActiveCfg = Release|Any CPU
		{8B60A572-D1E1-4F45-B71E-11512C8AA022}.Release|Any CPU.Build.0 = Release|Any CPU
	EndGlobalSection
	GlobalSection(SolutionProperties) = preSolution
		HideSolutionNode = FALSE
	EndGlobalSection
	GlobalSection(ExtensibilityGlobals) = postSolution
		SolutionGuid = {BDE42DBB-E3F7-4C11-8736-A3742B75039F}
	EndGlobalSection
EndGlobal
